
Microsoft Visual Studio Solution File, Format Version 12.00
# Visual Studio 15
VisualStudioVersion = 15.0.28010.2048
MinimumVisualStudioVersion = 10.0.40219.1
Project("{FAE04EC0-301F-11D3-BF4B-00C04F79EFBC}") = "PDC.Web", "PDC\PDC.Web.csproj", "{D43D31CD-B034-4BF3-A608-784A80764051}"
EndProject
Project("{FAE04EC0-301F-11D3-BF4B-00C04F79EFBC}") = "PDC.Business", "Business\PDC.Business.csproj", "{9CB7A4E1-4834-4155-890F-7D4FFF046B8E}"
EndProject
Project("{FAE04EC0-301F-11D3-BF4B-00C04F79EFBC}") = "PDC.Entity", "Entity\PDC.Entity.csproj", "{C5ED4BB4-1384-4F1F-9ED8-BD2F632A7FFF}"
EndProject
Project("{FAE04EC0-301F-11D3-BF4B-00C04F79EFBC}") = "PDC.Common", "Common\PDC.Common.csproj", "{5FA57F73-7C3E-4754-93D6-F99696A6EBA7}"
EndProject
Project("{FAE04EC0-301F-11D3-BF4B-00C04F79EFBC}") = "PDC.Business.Tests", "PDCBusiness.Tests\PDC.Business.Tests.csproj", "{D30F34DE-B50B-49D5-B43A-0DBA89F9785E}"
EndProject
Project("{FAE04EC0-301F-11D3-BF4B-00C04F79EFBC}") = "PDC.Web.Tests", "PDC.Tests\PDC.Web.Tests.csproj", "{6C67150D-2224-449D-AAF8-59211D864975}"
EndProject
Global
	GlobalSection(SolutionConfigurationPlatforms) = preSolution
		Debug|Any CPU = Debug|Any CPU
		Release|Any CPU = Release|Any CPU
	EndGlobalSection
	GlobalSection(ProjectConfigurationPlatforms) = postSolution
		{D43D31CD-B034-4BF3-A608-784A80764051}.Debug|Any CPU.ActiveCfg = Debug|Any CPU
		{D43D31CD-B034-4BF3-A608-784A80764051}.Debug|Any CPU.Build.0 = Debug|Any CPU
		{D43D31CD-B034-4BF3-A608-784A80764051}.Release|Any CPU.ActiveCfg = Release|Any CPU
		{D43D31CD-B034-4BF3-A608-784A80764051}.Release|Any CPU.Build.0 = Release|Any CPU
		{9CB7A4E1-4834-4155-890F-7D4FFF046B8E}.Debug|Any CPU.ActiveCfg = Debug|Any CPU
		{9CB7A4E1-4834-4155-890F-7D4FFF046B8E}.Debug|Any CPU.Build.0 = Debug|Any CPU
		{9CB7A4E1-4834-4155-890F-7D4FFF046B8E}.Release|Any CPU.ActiveCfg = Release|Any CPU
		{9CB7A4E1-4834-4155-890F-7D4FFF046B8E}.Release|Any CPU.Build.0 = Release|Any CPU
		{C5ED4BB4-1384-4F1F-9ED8-BD2F632A7FFF}.Debug|Any CPU.ActiveCfg = Debug|Any CPU
		{C5ED4BB4-1384-4F1F-9ED8-BD2F632A7FFF}.Debug|Any CPU.Build.0 = Debug|Any CPU
		{C5ED4BB4-1384-4F1F-9ED8-BD2F632A7FFF}.Release|Any CPU.ActiveCfg = Release|Any CPU
		{C5ED4BB4-1384-4F1F-9ED8-BD2F632A7FFF}.Release|Any CPU.Build.0 = Release|Any CPU
		{5FA57F73-7C3E-4754-93D6-F99696A6EBA7}.Debug|Any CPU.ActiveCfg = Debug|Any CPU
		{5FA57F73-7C3E-4754-93D6-F99696A6EBA7}.Debug|Any CPU.Build.0 = Debug|Any CPU
		{5FA57F73-7C3E-4754-93D6-F99696A6EBA7}.Release|Any CPU.ActiveCfg = Release|Any CPU
		{5FA57F73-7C3E-4754-93D6-F99696A6EBA7}.Release|Any CPU.Build.0 = Release|Any CPU
		{D30F34DE-B50B-49D5-B43A-0DBA89F9785E}.Debug|Any CPU.ActiveCfg = Debug|Any CPU
		{D30F34DE-B50B-49D5-B43A-0DBA89F9785E}.Debug|Any CPU.Build.0 = Debug|Any CPU
		{D30F34DE-B50B-49D5-B43A-0DBA89F9785E}.Release|Any CPU.ActiveCfg = Release|Any CPU
		{D30F34DE-B50B-49D5-B43A-0DBA89F9785E}.Release|Any CPU.Build.0 = Release|Any CPU
		{6C67150D-2224-449D-AAF8-59211D864975}.Debug|Any CPU.ActiveCfg = Debug|Any CPU
		{6C67150D-2224-449D-AAF8-59211D864975}.Debug|Any CPU.Build.0 = Debug|Any CPU
		{6C67150D-2224-449D-AAF8-59211D864975}.Release|Any CPU.ActiveCfg = Release|Any CPU
		{6C67150D-2224-449D-AAF8-59211D864975}.Release|Any CPU.Build.0 = Release|Any CPU
	EndGlobalSection
	GlobalSection(SolutionProperties) = preSolution
		HideSolutionNode = FALSE
	EndGlobalSection
	GlobalSection(ExtensibilityGlobals) = postSolution
		SolutionGuid = {DB709CF1-1504-4301-A86D-E509346C5C38}
	EndGlobalSection
EndGlobal
